
Microsoft Visual Studio Solution File, Format Version 12.00
# Visual Studio Version 17
VisualStudioVersion = 17.9.34728.123
MinimumVisualStudioVersion = 10.0.40219.1
Project("{FAE04EC0-301F-11D3-BF4B-00C04F79EFBC}") = "ThreadObserver", "ThreadObserver\ThreadObserver.csproj", "{359F2108-0D99-4923-985D-6E4EF6BDE92D}"
EndProject
Global
	GlobalSection(SolutionConfigurationPlatforms) = preSolution
		Debug|Any CPU = Debug|Any CPU
		Debug|x64 = Debug|x64
		Release|Any CPU = Release|Any CPU
		Release|x64 = Release|x64
	EndGlobalSection
	GlobalSection(ProjectConfigurationPlatforms) = postSolution
		{359F2108-0D99-4923-985D-6E4EF6BDE92D}.Debug|Any CPU.ActiveCfg = Debug|Any CPU
		{359F2108-0D99-4923-985D-6E4EF6BDE92D}.Debug|Any CPU.Build.0 = Debug|Any CPU
		{359F2108-0D99-4923-985D-6E4EF6BDE92D}.Debug|x64.ActiveCfg = Debug|x64
		{359F2108-0D99-4923-985D-6E4EF6BDE92D}.Debug|x64.Build.0 = Debug|x64
		{359F2108-0D99-4923-985D-6E4EF6BDE92D}.Release|Any CPU.ActiveCfg = Release|Any CPU
		{359F2108-0D99-4923-985D-6E4EF6BDE92D}.Release|Any CPU.Build.0 = Release|Any CPU
		{359F2108-0D99-4923-985D-6E4EF6BDE92D}.Release|x64.ActiveCfg = Release|x64
		{359F2108-0D99-4923-985D-6E4EF6BDE92D}.Release|x64.Build.0 = Release|x64
	EndGlobalSection
	GlobalSection(SolutionProperties) = preSolution
		HideSolutionNode = FALSE
	EndGlobalSection
	GlobalSection(ExtensibilityGlobals) = postSolution
		SolutionGuid = {02E3C223-B0C4-447F-B729-A023DC4C0C6B}
	EndGlobalSection
EndGlobal
